{
  "version": 4,
  "terraform_version": "0.12.24",
  "serial": 7,
  "lineage": "2066586e-29c7-6df2-5e14-574f2af1da06",
  "outputs": {},
  "resources": [
    {
      "mode": "data",
      "type": "aws_iam_policy_document",
      "name": "pi_hole_management_assume_role_policy",
      "provider": "provider.aws",
      "instances": [
        {
          "schema_version": 0,
          "attributes": {
            "id": "1903849331",
            "json": "{\n  \"Version\": \"2012-10-17\",\n  \"Statement\": [\n    {\n      \"Sid\": \"\",\n      \"Effect\": \"Allow\",\n      \"Action\": \"sts:AssumeRole\",\n      \"Principal\": {\n        \"Service\": \"ec2.amazonaws.com\"\n      }\n    }\n  ]\n}",
            "override_json": null,
            "policy_id": null,
            "source_json": null,
            "statement": [
              {
                "actions": [
                  "sts:AssumeRole"
                ],
                "condition": [],
                "effect": "Allow",
                "not_actions": [],
                "not_principals": [],
                "not_resources": [],
                "principals": [
                  {
                    "identifiers": [
                      "ec2.amazonaws.com"
                    ],
                    "type": "Service"
                  }
                ],
                "resources": [],
                "sid": ""
              }
            ],
            "version": "2012-10-17"
          }
        }
      ]
    },
    {
      "mode": "managed",
      "type": "aws_iam_policy",
      "name": "pi_hole_management_policy",
      "provider": "provider.aws",
      "instances": [
        {
          "schema_version": 0,
          "attributes": {
            "arn": "arn:aws:iam::735709952480:policy/pi-hole-management-policy",
            "description": "assuming this role lets the user create the pi-hole instances",
            "id": "arn:aws:iam::735709952480:policy/pi-hole-management-policy",
            "name": "pi-hole-management-policy",
            "name_prefix": null,
            "path": "/",
            "policy": "{\n    \"Version\": \"2012-10-17\",\n    \"Statement\": {\n      \"Effect\": \"Allow\",\n      \"Action\": [\n        \"ec2:Describe*\"\n      ],\n      \"Resource\": \"*\"\n    }\n}"
          },
          "private": "bnVsbA=="
        }
      ]
    },
    {
      "mode": "managed",
      "type": "aws_iam_role",
      "name": "pi_hole_management_role",
      "provider": "provider.aws",
      "instances": [
        {
          "schema_version": 0,
          "attributes": {
            "arn": "arn:aws:iam::735709952480:role/pi-hole-management-role",
            "assume_role_policy": "{\"Version\":\"2012-10-17\",\"Statement\":[{\"Sid\":\"\",\"Effect\":\"Allow\",\"Principal\":{\"Service\":\"ec2.amazonaws.com\"},\"Action\":\"sts:AssumeRole\"}]}",
            "create_date": "2020-09-29T20:18:40Z",
            "description": "",
            "force_detach_policies": false,
            "id": "pi-hole-management-role",
            "max_session_duration": 3600,
            "name": "pi-hole-management-role",
            "name_prefix": null,
            "path": "/",
            "permissions_boundary": null,
            "tags": null,
            "unique_id": "AROA2WS527HQMCDUMLS23"
          },
          "private": "bnVsbA=="
        }
      ]
    },
    {
      "mode": "managed",
      "type": "aws_iam_role_policy_attachment",
      "name": "pi_hole_role_policy_attachment",
      "provider": "provider.aws",
      "instances": [
        {
          "schema_version": 0,
          "attributes": {
            "id": "pi-hole-management-role-20200929201841647300000001",
            "policy_arn": "arn:aws:iam::735709952480:policy/pi-hole-management-policy",
            "role": "pi-hole-management-role"
          },
          "private": "bnVsbA==",
          "dependencies": [
            "aws_iam_policy.pi_hole_management_policy",
            "aws_iam_role.pi_hole_management_role"
          ]
        }
      ]
    },
    {
      "mode": "managed",
      "type": "aws_iam_user",
      "name": "pi_hole_iam_user",
      "provider": "provider.aws",
      "instances": [
        {
          "schema_version": 0,
          "attributes": {
            "arn": "arn:aws:iam::735709952480:user/pi-hole_user",
            "force_destroy": false,
            "id": "pi-hole_user",
            "name": "pi-hole_user",
            "path": "/",
            "permissions_boundary": null,
            "tags": {},
            "unique_id": "AIDA2WS527HQKNPSBKQ6J"
          },
          "private": "bnVsbA=="
        }
      ]
    },
    {
      "mode": "managed",
      "type": "aws_iam_user_policy_attachment",
      "name": "pi_hole_user_attachment",
      "provider": "provider.aws",
      "instances": [
        {
          "schema_version": 0,
          "attributes": {
            "id": "pi-hole_user-20200929201153955600000001",
            "policy_arn": "arn:aws:iam::735709952480:policy/pi-hole-management-policy",
            "user": "pi-hole_user"
          },
          "private": "bnVsbA==",
          "dependencies": [
            "aws_iam_policy.pi_hole_management_policy",
            "aws_iam_user.pi_hole_iam_user"
          ]
        }
      ]
    }
  ]
}
